// !$*UTF8*$!
{
	archiveVersion = 1;
	classes = {
	};
	objectVersion = 48;
	objects = {

/* Begin PBXBuildFile section */
		DD0C4C2423C09D31004C0090 /* PDFilePreviewController.m in Sources */ = {isa = PBXBuildFile; fileRef = DD0C4C2323C09D31004C0090 /* PDFilePreviewController.m */; };
		DD0C4C3523C0CCD1004C0090 /* PDLogPreviewController.m in Sources */ = {isa = PBXBuildFile; fileRef = DD0C4C3423C0CCD1004C0090 /* PDLogPreviewController.m */; };
		EC736771206CC4C40010C858 /* AppDelegate.m in Sources */ = {isa = PBXBuildFile; fileRef = EC736770206CC4C40010C858 /* AppDelegate.m */; };
		EC736774206CC4C40010C858 /* ViewController.m in Sources */ = {isa = PBXBuildFile; fileRef = EC736773206CC4C40010C858 /* ViewController.m */; };
		EC736777206CC4C40010C858 /* Main.storyboard in Resources */ = {isa = PBXBuildFile; fileRef = EC736775206CC4C40010C858 /* Main.storyboard */; };
		EC736779206CC4C40010C858 /* Assets.xcassets in Resources */ = {isa = PBXBuildFile; fileRef = EC736778206CC4C40010C858 /* Assets.xcassets */; };
		EC73677C206CC4C40010C858 /* LaunchScreen.storyboard in Resources */ = {isa = PBXBuildFile; fileRef = EC73677A206CC4C40010C858 /* LaunchScreen.storyboard */; };
		EC73677F206CC4C40010C858 /* main.m in Sources */ = {isa = PBXBuildFile; fileRef = EC73677E206CC4C40010C858 /* main.m */; };
		EC736789206CC4C40010C858 /* PDFileBrowserTests.m in Sources */ = {isa = PBXBuildFile; fileRef = EC736788206CC4C40010C858 /* PDFileBrowserTests.m */; };
		EC736794206CC4C40010C858 /* PDFileBrowserUITests.m in Sources */ = {isa = PBXBuildFile; fileRef = EC736793206CC4C40010C858 /* PDFileBrowserUITests.m */; };
		EC7367A6206CC4EB0010C858 /* PDFileBrowser.m in Sources */ = {isa = PBXBuildFile; fileRef = EC7367A3206CC4EB0010C858 /* PDFileBrowser.m */; };
		EC7367A7206CC4EB0010C858 /* PDFileBrowseController.m in Sources */ = {isa = PBXBuildFile; fileRef = EC7367A4206CC4EB0010C858 /* PDFileBrowseController.m */; };
/* End PBXBuildFile section */

/* Begin PBXContainerItemProxy section */
		EC736785206CC4C40010C858 /* PBXContainerItemProxy */ = {
			isa = PBXContainerItemProxy;
			containerPortal = EC736764206CC4C40010C858 /* Project object */;
			proxyType = 1;
			remoteGlobalIDString = EC73676B206CC4C40010C858;
			remoteInfo = PDFileBrowser;
		};
		EC736790206CC4C40010C858 /* PBXContainerItemProxy */ = {
			isa = PBXContainerItemProxy;
			containerPortal = EC736764206CC4C40010C858 /* Project object */;
			proxyType = 1;
			remoteGlobalIDString = EC73676B206CC4C40010C858;
			remoteInfo = PDFileBrowser;
		};
/* End PBXContainerItemProxy section */

/* Begin PBXFileReference section */
		DD0C4C2223C09D31004C0090 /* PDFilePreviewController.h */ = {isa = PBXFileReference; lastKnownFileType = sourcecode.c.h; path = PDFilePreviewController.h; sourceTree = "<group>"; };
		DD0C4C2323C09D31004C0090 /* PDFilePreviewController.m */ = {isa = PBXFileReference; lastKnownFileType = sourcecode.c.objc; path = PDFilePreviewController.m; sourceTree = "<group>"; };
		DD0C4C2523C0A8B0004C0090 /* PDFileBrowser+Internal.h */ = {isa = PBXFileReference; lastKnownFileType = sourcecode.c.h; path = "PDFileBrowser+Internal.h"; sourceTree = "<group>"; };
		DD0C4C3323C0CCD1004C0090 /* PDLogPreviewController.h */ = {isa = PBXFileReference; fileEncoding = 4; lastKnownFileType = sourcecode.c.h; path = PDLogPreviewController.h; sourceTree = "<group>"; };
		DD0C4C3423C0CCD1004C0090 /* PDLogPreviewController.m */ = {isa = PBXFileReference; fileEncoding = 4; lastKnownFileType = sourcecode.c.objc; path = PDLogPreviewController.m; sourceTree = "<group>"; };
		EC73676C206CC4C40010C858 /* PDFileBrowser.app */ = {isa = PBXFileReference; explicitFileType = wrapper.application; includeInIndex = 0; path = PDFileBrowser.app; sourceTree = BUILT_PRODUCTS_DIR; };
		EC73676F206CC4C40010C858 /* AppDelegate.h */ = {isa = PBXFileReference; lastKnownFileType = sourcecode.c.h; path = AppDelegate.h; sourceTree = "<group>"; };
		EC736770206CC4C40010C858 /* AppDelegate.m */ = {isa = PBXFileReference; lastKnownFileType = sourcecode.c.objc; path = AppDelegate.m; sourceTree = "<group>"; };
		EC736772206CC4C40010C858 /* ViewController.h */ = {isa = PBXFileReference; lastKnownFileType = sourcecode.c.h; path = ViewController.h; sourceTree = "<group>"; };
		EC736773206CC4C40010C858 /* ViewController.m */ = {isa = PBXFileReference; lastKnownFileType = sourcecode.c.objc; path = ViewController.m; sourceTree = "<group>"; };
		EC736776206CC4C40010C858 /* Base */ = {isa = PBXFileReference; lastKnownFileType = file.storyboard; name = Base; path = Base.lproj/Main.storyboard; sourceTree = "<group>"; };
		EC736778206CC4C40010C858 /* Assets.xcassets */ = {isa = PBXFileReference; lastKnownFileType = folder.assetcatalog; path = Assets.xcassets; sourceTree = "<group>"; };
		EC73677B206CC4C40010C858 /* Base */ = {isa = PBXFileReference; lastKnownFileType = file.storyboard; name = Base; path = Base.lproj/LaunchScreen.storyboard; sourceTree = "<group>"; };
		EC73677D206CC4C40010C858 /* Info.plist */ = {isa = PBXFileReference; lastKnownFileType = text.plist.xml; path = Info.plist; sourceTree = "<group>"; };
		EC73677E206CC4C40010C858 /* main.m */ = {isa = PBXFileReference; lastKnownFileType = sourcecode.c.objc; path = main.m; sourceTree = "<group>"; };
		EC736784206CC4C40010C858 /* PDFileBrowserTests.xctest */ = {isa = PBXFileReference; explicitFileType = wrapper.cfbundle; includeInIndex = 0; path = PDFileBrowserTests.xctest; sourceTree = BUILT_PRODUCTS_DIR; };
		EC736788206CC4C40010C858 /* PDFileBrowserTests.m */ = {isa = PBXFileReference; lastKnownFileType = sourcecode.c.objc; path = PDFileBrowserTests.m; sourceTree = "<group>"; };
		EC73678A206CC4C40010C858 /* Info.plist */ = {isa = PBXFileReference; lastKnownFileType = text.plist.xml; path = Info.plist; sourceTree = "<group>"; };
		EC73678F206CC4C40010C858 /* PDFileBrowserUITests.xctest */ = {isa = PBXFileReference; explicitFileType = wrapper.cfbundle; includeInIndex = 0; path = PDFileBrowserUITests.xctest; sourceTree = BUILT_PRODUCTS_DIR; };
		EC736793206CC4C40010C858 /* PDFileBrowserUITests.m */ = {isa = PBXFileReference; lastKnownFileType = sourcecode.c.objc; path = PDFileBrowserUITests.m; sourceTree = "<group>"; };
		EC736795206CC4C40010C858 /* Info.plist */ = {isa = PBXFileReference; lastKnownFileType = text.plist.xml; path = Info.plist; sourceTree = "<group>"; };
		EC7367A2206CC4EB0010C858 /* PDFileBrowseController.h */ = {isa = PBXFileReference; fileEncoding = 4; lastKnownFileType = sourcecode.c.h; path = PDFileBrowseController.h; sourceTree = "<group>"; };
		EC7367A3206CC4EB0010C858 /* PDFileBrowser.m */ = {isa = PBXFileReference; fileEncoding = 4; lastKnownFileType = sourcecode.c.objc; path = PDFileBrowser.m; sourceTree = "<group>"; };
		EC7367A4206CC4EB0010C858 /* PDFileBrowseController.m */ = {isa = PBXFileReference; fileEncoding = 4; lastKnownFileType = sourcecode.c.objc; path = PDFileBrowseController.m; sourceTree = "<group>"; };
		EC7367A5206CC4EB0010C858 /* PDFileBrowser.h */ = {isa = PBXFileReference; fileEncoding = 4; lastKnownFileType = sourcecode.c.h; path = PDFileBrowser.h; sourceTree = "<group>"; };
/* End PBXFileReference section */

/* Begin PBXFrameworksBuildPhase section */
		EC736769206CC4C40010C858 /* Frameworks */ = {
			isa = PBXFrameworksBuildPhase;
			buildActionMask = 2147483647;
			files = (
			);
			runOnlyForDeploymentPostprocessing = 0;
		};
		EC736781206CC4C40010C858 /* Frameworks */ = {
			isa = PBXFrameworksBuildPhase;
			buildActionMask = 2147483647;
			files = (
			);
			runOnlyForDeploymentPostprocessing = 0;
		};
		EC73678C206CC4C40010C858 /* Frameworks */ = {
			isa = PBXFrameworksBuildPhase;
			buildActionMask = 2147483647;
			files = (
			);
			runOnlyForDeploymentPostprocessing = 0;
		};
/* End PBXFrameworksBuildPhase section */

/* Begin PBXGroup section */
		EC736763206CC4C40010C858 = {
			isa = PBXGroup;
			children = (
				EC73676E206CC4C40010C858 /* PDFileBrowser */,
				EC736787206CC4C40010C858 /* PDFileBrowserTests */,
				EC736792206CC4C40010C858 /* PDFileBrowserUITests */,
				EC73676D206CC4C40010C858 /* Products */,
			);
			sourceTree = "<group>";
		};
		EC73676D206CC4C40010C858 /* Products */ = {
			isa = PBXGroup;
			children = (
				EC73676C206CC4C40010C858 /* PDFileBrowser.app */,
				EC736784206CC4C40010C858 /* PDFileBrowserTests.xctest */,
				EC73678F206CC4C40010C858 /* PDFileBrowserUITests.xctest */,
			);
			name = Products;
			sourceTree = "<group>";
		};
		EC73676E206CC4C40010C858 /* PDFileBrowser */ = {
			isa = PBXGroup;
			children = (
				EC7367A1206CC4CE0010C858 /* Source */,
				EC73676F206CC4C40010C858 /* AppDelegate.h */,
				EC736770206CC4C40010C858 /* AppDelegate.m */,
				EC736772206CC4C40010C858 /* ViewController.h */,
				EC736773206CC4C40010C858 /* ViewController.m */,
				EC736775206CC4C40010C858 /* Main.storyboard */,
				EC736778206CC4C40010C858 /* Assets.xcassets */,
				EC73677A206CC4C40010C858 /* LaunchScreen.storyboard */,
				EC73677D206CC4C40010C858 /* Info.plist */,
				EC73677E206CC4C40010C858 /* main.m */,
			);
			path = PDFileBrowser;
			sourceTree = "<group>";
		};
		EC736787206CC4C40010C858 /* PDFileBrowserTests */ = {
			isa = PBXGroup;
			children = (
				EC736788206CC4C40010C858 /* PDFileBrowserTests.m */,
				EC73678A206CC4C40010C858 /* Info.plist */,
			);
			path = PDFileBrowserTests;
			sourceTree = "<group>";
		};
		EC736792206CC4C40010C858 /* PDFileBrowserUITests */ = {
			isa = PBXGroup;
			children = (
				EC736793206CC4C40010C858 /* PDFileBrowserUITests.m */,
				EC736795206CC4C40010C858 /* Info.plist */,
			);
			path = PDFileBrowserUITests;
			sourceTree = "<group>";
		};
		EC7367A1206CC4CE0010C858 /* Source */ = {
			isa = PBXGroup;
			children = (
				DD0C4C2523C0A8B0004C0090 /* PDFileBrowser+Internal.h */,
				EC7367A5206CC4EB0010C858 /* PDFileBrowser.h */,
				EC7367A3206CC4EB0010C858 /* PDFileBrowser.m */,
				EC7367A2206CC4EB0010C858 /* PDFileBrowseController.h */,
				EC7367A4206CC4EB0010C858 /* PDFileBrowseController.m */,
				DD0C4C2223C09D31004C0090 /* PDFilePreviewController.h */,
				DD0C4C2323C09D31004C0090 /* PDFilePreviewController.m */,
				DD0C4C3323C0CCD1004C0090 /* PDLogPreviewController.h */,
				DD0C4C3423C0CCD1004C0090 /* PDLogPreviewController.m */,
			);
			path = Source;
			sourceTree = "<group>";
		};
/* End PBXGroup section */

/* Begin PBXNativeTarget section */
		EC73676B206CC4C40010C858 /* PDFileBrowser */ = {
			isa = PBXNativeTarget;
			buildConfigurationList = EC736798206CC4C40010C858 /* Build configuration list for PBXNativeTarget "PDFileBrowser" */;
			buildPhases = (
				EC736768206CC4C40010C858 /* Sources */,
				EC736769206CC4C40010C858 /* Frameworks */,
				EC73676A206CC4C40010C858 /* Resources */,
			);
			buildRules = (
			);
			dependencies = (
			);
			name = PDFileBrowser;
			productName = PDFileBrowser;
			productReference = EC73676C206CC4C40010C858 /* PDFileBrowser.app */;
			productType = "com.apple.product-type.application";
		};
		EC736783206CC4C40010C858 /* PDFileBrowserTests */ = {
			isa = PBXNativeTarget;
			buildConfigurationList = EC73679B206CC4C40010C858 /* Build configuration list for PBXNativeTarget "PDFileBrowserTests" */;
			buildPhases = (
				EC736780206CC4C40010C858 /* Sources */,
				EC736781206CC4C40010C858 /* Frameworks */,
				EC736782206CC4C40010C858 /* Resources */,
			);
			buildRules = (
			);
			dependencies = (
				EC736786206CC4C40010C858 /* PBXTargetDependency */,
			);
			name = PDFileBrowserTests;
			productName = PDFileBrowserTests;
			productReference = EC736784206CC4C40010C858 /* PDFileBrowserTests.xctest */;
			productType = "com.apple.product-type.bundle.unit-test";
		};
		EC73678E206CC4C40010C858 /* PDFileBrowserUITests */ = {
			isa = PBXNativeTarget;
			buildConfigurationList = EC73679E206CC4C40010C858 /* Build configuration list for PBXNativeTarget "PDFileBrowserUITests" */;
			buildPhases = (
				EC73678B206CC4C40010C858 /* Sources */,
				EC73678C206CC4C40010C858 /* Frameworks */,
				EC73678D206CC4C40010C858 /* Resources */,
			);
			buildRules = (
			);
			dependencies = (
				EC736791206CC4C40010C858 /* PBXTargetDependency */,
			);
			name = PDFileBrowserUITests;
			productName = PDFileBrowserUITests;
			productReference = EC73678F206CC4C40010C858 /* PDFileBrowserUITests.xctest */;
			productType = "com.apple.product-type.bundle.ui-testing";
		};
/* End PBXNativeTarget section */

/* Begin PBXProject section */
		EC736764206CC4C40010C858 /* Project object */ = {
			isa = PBXProject;
			attributes = {
				LastUpgradeCheck = 0920;
				ORGANIZATIONNAME = PipeDog;
				TargetAttributes = {
					EC73676B206CC4C40010C858 = {
						CreatedOnToolsVersion = 9.2;
						ProvisioningStyle = Automatic;
					};
					EC736783206CC4C40010C858 = {
						CreatedOnToolsVersion = 9.2;
						ProvisioningStyle = Automatic;
						TestTargetID = EC73676B206CC4C40010C858;
					};
					EC73678E206CC4C40010C858 = {
						CreatedOnToolsVersion = 9.2;
						ProvisioningStyle = Automatic;
						TestTargetID = EC73676B206CC4C40010C858;
					};
				};
			};
			buildConfigurationList = EC736767206CC4C40010C858 /* Build configuration list for PBXProject "PDFileBrowser" */;
			compatibilityVersion = "Xcode 8.0";
			developmentRegion = en;
			hasScannedForEncodings = 0;
			knownRegions = (
				en,
				Base,
			);
			mainGroup = EC736763206CC4C40010C858;
			productRefGroup = EC73676D206CC4C40010C858 /* Products */;
			projectDirPath = "";
			projectRoot = "";
			targets = (
				EC73676B206CC4C40010C858 /* PDFileBrowser */,
				EC736783206CC4C40010C858 /* PDFileBrowserTests */,
				EC73678E206CC4C40010C858 /* PDFileBrowserUITests */,
			);
		};
/* End PBXProject section */

/* Begin PBXResourcesBuildPhase section */
		EC73676A206CC4C40010C858 /* Resources */ = {
			isa = PBXResourcesBuildPhase;
			buildActionMask = 2147483647;
			files = (
				EC73677C206CC4C40010C858 /* LaunchScreen.storyboard in Resources */,
				EC736779206CC4C40010C858 /* Assets.xcassets in Resources */,
				EC736777206CC4C40010C858 /* Main.storyboard in Resources */,
			);
			runOnlyForDeploymentPostprocessing = 0;
		};
		EC736782206CC4C40010C858 /* Resources */ = {
			isa = PBXResourcesBuildPhase;
			buildActionMask = 2147483647;
			files = (
			);
			runOnlyForDeploymentPostprocessing = 0;
		};
		EC73678D206CC4C40010C858 /* Resources */ = {
			isa = PBXResourcesBuildPhase;
			buildActionMask = 2147483647;
			files = (
			);
			runOnlyForDeploymentPostprocessing = 0;
		};
/* End PBXResourcesBuildPhase section */

/* Begin PBXSourcesBuildPhase section */
		EC736768206CC4C40010C858 /* Sources */ = {
			isa = PBXSourcesBuildPhase;
			buildActionMask = 2147483647;
			files = (
				DD0C4C3523C0CCD1004C0090 /* PDLogPreviewController.m in Sources */,
				EC736774206CC4C40010C858 /* ViewController.m in Sources */,
				DD0C4C2423C09D31004C0090 /* PDFilePreviewController.m in Sources */,
				EC7367A7206CC4EB0010C858 /* PDFileBrowseController.m in Sources */,
				EC73677F206CC4C40010C858 /* main.m in Sources */,
				EC7367A6206CC4EB0010C858 /* PDFileBrowser.m in Sources */,
				EC736771206CC4C40010C858 /* AppDelegate.m in Sources */,
			);
			runOnlyForDeploymentPostprocessing = 0;
		};
		EC736780206CC4C40010C858 /* Sources */ = {
			isa = PBXSourcesBuildPhase;
			buildActionMask = 2147483647;
			files = (
				EC736789206CC4C40010C858 /* PDFileBrowserTests.m in Sources */,
			);
			runOnlyForDeploymentPostprocessing = 0;
		};
		EC73678B206CC4C40010C858 /* Sources */ = {
			isa = PBXSourcesBuildPhase;
			buildActionMask = 2147483647;
			files = (
				EC736794206CC4C40010C858 /* PDFileBrowserUITests.m in Sources */,
			);
			runOnlyForDeploymentPostprocessing = 0;
		};
/* End PBXSourcesBuildPhase section */

/* Begin PBXTargetDependency section */
		EC736786206CC4C40010C858 /* PBXTargetDependency */ = {
			isa = PBXTargetDependency;
			target = EC73676B206CC4C40010C858 /* PDFileBrowser */;
			targetProxy = EC736785206CC4C40010C858 /* PBXContainerItemProxy */;
		};
		EC736791206CC4C40010C858 /* PBXTargetDependency */ = {
			isa = PBXTargetDependency;
			target = EC73676B206CC4C40010C858 /* PDFileBrowser */;
			targetProxy = EC736790206CC4C40010C858 /* PBXContainerItemProxy */;
		};
/* End PBXTargetDependency section */

/* Begin PBXVariantGroup section */
		EC736775206CC4C40010C858 /* Main.storyboard */ = {
			isa = PBXVariantGroup;
			children = (
				EC736776206CC4C40010C858 /* Base */,
			);
			name = Main.storyboard;
			sourceTree = "<group>";
		};
		EC73677A206CC4C40010C858 /* LaunchScreen.storyboard */ = {
			isa = PBXVariantGroup;
			children = (
				EC73677B206CC4C40010C858 /* Base */,
			);
			name = LaunchScreen.storyboard;
			sourceTree = "<group>";
		};
/* End PBXVariantGroup section */

/* Begin XCBuildConfiguration section */
		EC736796206CC4C40010C858 /* Debug */ = {
			isa = XCBuildConfiguration;
			buildSettings = {
				ALWAYS_SEARCH_USER_PATHS = NO;
				CLANG_ANALYZER_NONNULL = YES;
				CLANG_ANALYZER_NUMBER_OBJECT_CONVERSION = YES_AGGRESSIVE;
				CLANG_CXX_LANGUAGE_STANDARD = "gnu++14";
				CLANG_CXX_LIBRARY = "libc++";
				CLANG_ENABLE_MODULES = YES;
				CLANG_ENABLE_OBJC_ARC = YES;
				CLANG_WARN_BLOCK_CAPTURE_AUTORELEASING = YES;
				CLANG_WARN_BOOL_CONVERSION = YES;
				CLANG_WARN_COMMA = YES;
				CLANG_WARN_CONSTANT_CONVERSION = YES;
				CLANG_WARN_DIRECT_OBJC_ISA_USAGE = YES_ERROR;
				CLANG_WARN_DOCUMENTATION_COMMENTS = YES;
				CLANG_WARN_EMPTY_BODY = YES;
				CLANG_WARN_ENUM_CONVERSION = YES;
				CLANG_WARN_INFINITE_RECURSION = YES;
				CLANG_WARN_INT_CONVERSION = YES;
				CLANG_WARN_NON_LITERAL_NULL_CONVERSION = YES;
				CLANG_WARN_OBJC_LITERAL_CONVERSION = YES;
				CLANG_WARN_OBJC_ROOT_CLASS = YES_ERROR;
				CLANG_WARN_RANGE_LOOP_ANALYSIS = YES;
				CLANG_WARN_STRICT_PROTOTYPES = YES;
				CLANG_WARN_SUSPICIOUS_MOVE = YES;
				CLANG_WARN_UNGUARDED_AVAILABILITY = YES_AGGRESSIVE;
				CLANG_WARN_UNREACHABLE_CODE = YES;
				CLANG_WARN__DUPLICATE_METHOD_MATCH = YES;
				CODE_SIGN_IDENTITY = "iPhone Developer";
				COPY_PHASE_STRIP = NO;
				DEBUG_INFORMATION_FORMAT = dwarf;
				ENABLE_STRICT_OBJC_MSGSEND = YES;
				ENABLE_TESTABILITY = YES;
				GCC_C_LANGUAGE_STANDARD = gnu11;
				GCC_DYNAMIC_NO_PIC = NO;
				GCC_NO_COMMON_BLOCKS = YES;
				GCC_OPTIMIZATION_LEVEL = 0;
				GCC_PREPROCESSOR_DEFINITIONS = (
					"DEBUG=1",
					"$(inherited)",
				);
				GCC_WARN_64_TO_32_BIT_CONVERSION = YES;
				GCC_WARN_ABOUT_RETURN_TYPE = YES_ERROR;
				GCC_WARN_UNDECLARED_SELECTOR = YES;
				GCC_WARN_UNINITIALIZED_AUTOS = YES_AGGRESSIVE;
				GCC_WARN_UNUSED_FUNCTION = YES;
				GCC_WARN_UNUSED_VARIABLE = YES;
				IPHONEOS_DEPLOYMENT_TARGET = 11.2;
				MTL_ENABLE_DEBUG_INFO = YES;
				ONLY_ACTIVE_ARCH = YES;
				SDKROOT = iphoneos;
			};
			name = Debug;
		};
		EC736797206CC4C40010C858 /* Release */ = {
			isa = XCBuildConfiguration;
			buildSettings = {
				ALWAYS_SEARCH_USER_PATHS = NO;
				CLANG_ANALYZER_NONNULL = YES;
				CLANG_ANALYZER_NUMBER_OBJECT_CONVERSION = YES_AGGRESSIVE;
				CLANG_CXX_LANGUAGE_STANDARD = "gnu++14";
				CLANG_CXX_LIBRARY = "libc++";
				CLANG_ENABLE_MODULES = YES;
				CLANG_ENABLE_OBJC_ARC = YES;
				CLANG_WARN_BLOCK_CAPTURE_AUTORELEASING = YES;
				CLANG_WARN_BOOL_CONVERSION = YES;
				CLANG_WARN_COMMA = YES;
				CLANG_WARN_CONSTANT_CONVERSION = YES;
				CLANG_WARN_DIRECT_OBJC_ISA_USAGE = YES_ERROR;
				CLANG_WARN_DOCUMENTATION_COMMENTS = YES;
				CLANG_WARN_EMPTY_BODY = YES;
				CLANG_WARN_ENUM_CONVERSION = YES;
				CLANG_WARN_INFINITE_RECURSION = YES;
				CLANG_WARN_INT_CONVERSION = YES;
				CLANG_WARN_NON_LITERAL_NULL_CONVERSION = YES;
				CLANG_WARN_OBJC_LITERAL_CONVERSION = YES;
				CLANG_WARN_OBJC_ROOT_CLASS = YES_ERROR;
				CLANG_WARN_RANGE_LOOP_ANALYSIS = YES;
				CLANG_WARN_STRICT_PROTOTYPES = YES;
				CLANG_WARN_SUSPICIOUS_MOVE = YES;
				CLANG_WARN_UNGUARDED_AVAILABILITY = YES_AGGRESSIVE;
				CLANG_WARN_UNREACHABLE_CODE = YES;
				CLANG_WARN__DUPLICATE_METHOD_MATCH = YES;
				CODE_SIGN_IDENTITY = "iPhone Developer";
				COPY_PHASE_STRIP = NO;
				DEBUG_INFORMATION_FORMAT = "dwarf-with-dsym";
				ENABLE_NS_ASSERTIONS = NO;
				ENABLE_STRICT_OBJC_MSGSEND = YES;
				GCC_C_LANGUAGE_STANDARD = gnu11;
				GCC_NO_COMMON_BLOCKS = YES;
				GCC_WARN_64_TO_32_BIT_CONVERSION = YES;
				GCC_WARN_ABOUT_RETURN_TYPE = YES_ERROR;
				GCC_WARN_UNDECLARED_SELECTOR = YES;
				GCC_WARN_UNINITIALIZED_AUTOS = YES_AGGRESSIVE;
				GCC_WARN_UNUSED_FUNCTION = YES;
				GCC_WARN_UNUSED_VARIABLE = YES;
				IPHONEOS_DEPLOYMENT_TARGET = 11.2;
				MTL_ENABLE_DEBUG_INFO = NO;
				SDKROOT = iphoneos;
				VALIDATE_PRODUCT = YES;
			};
			name = Release;
		};
		EC736799206CC4C40010C858 /* Debug */ = {
			isa = XCBuildConfiguration;
			buildSettings = {
				ASSETCATALOG_COMPILER_APPICON_NAME = AppIcon;
				CODE_SIGN_STYLE = Automatic;
				INFOPLIST_FILE = PDFileBrowser/Info.plist;
				LD_RUNPATH_SEARCH_PATHS = "$(inherited) @executable_path/Frameworks";
				PRODUCT_BUNDLE_IDENTIFIER = PipeDog.PDFileBrowser;
				PRODUCT_NAME = "$(TARGET_NAME)";
				TARGETED_DEVICE_FAMILY = "1,2";
			};
			name = Debug;
		};
		EC73679A206CC4C40010C858 /* Release */ = {
			isa = XCBuildConfiguration;
			buildSettings = {
				ASSETCATALOG_COMPILER_APPICON_NAME = AppIcon;
				CODE_SIGN_STYLE = Automatic;
				INFOPLIST_FILE = PDFileBrowser/Info.plist;
				LD_RUNPATH_SEARCH_PATHS = "$(inherited) @executable_path/Frameworks";
				PRODUCT_BUNDLE_IDENTIFIER = PipeDog.PDFileBrowser;
				PRODUCT_NAME = "$(TARGET_NAME)";
				TARGETED_DEVICE_FAMILY = "1,2";
			};
			name = Release;
		};
		EC73679C206CC4C40010C858 /* Debug */ = {
			isa = XCBuildConfiguration;
			buildSettings = {
				BUNDLE_LOADER = "$(TEST_HOST)";
				CODE_SIGN_STYLE = Automatic;
				INFOPLIST_FILE = PDFileBrowserTests/Info.plist;
				LD_RUNPATH_SEARCH_PATHS = "$(inherited) @executable_path/Frameworks @loader_path/Frameworks";
				PRODUCT_BUNDLE_IDENTIFIER = PipeDog.PDFileBrowserTests;
				PRODUCT_NAME = "$(TARGET_NAME)";
				TARGETED_DEVICE_FAMILY = "1,2";
				TEST_HOST = "$(BUILT_PRODUCTS_DIR)/PDFileBrowser.app/PDFileBrowser";
			};
			name = Debug;
		};
		EC73679D206CC4C40010C858 /* Release */ = {
			isa = XCBuildConfiguration;
			buildSettings = {
				BUNDLE_LOADER = "$(TEST_HOST)";
				CODE_SIGN_STYLE = Automatic;
				INFOPLIST_FILE = PDFileBrowserTests/Info.plist;
				LD_RUNPATH_SEARCH_PATHS = "$(inherited) @executable_path/Frameworks @loader_path/Frameworks";
				PRODUCT_BUNDLE_IDENTIFIER = PipeDog.PDFileBrowserTests;
				PRODUCT_NAME = "$(TARGET_NAME)";
				TARGETED_DEVICE_FAMILY = "1,2";
				TEST_HOST = "$(BUILT_PRODUCTS_DIR)/PDFileBrowser.app/PDFileBrowser";
			};
			name = Release;
		};
		EC73679F206CC4C40010C858 /* Debug */ = {
			isa = XCBuildConfiguration;
			buildSettings = {
				CODE_SIGN_STYLE = Automatic;
				INFOPLIST_FILE = PDFileBrowserUITests/Info.plist;
				LD_RUNPATH_SEARCH_PATHS = "$(inherited) @executable_path/Frameworks @loader_path/Frameworks";
				PRODUCT_BUNDLE_IDENTIFIER = PipeDog.PDFileBrowserUITests;
				PRODUCT_NAME = "$(TARGET_NAME)";
				TARGETED_DEVICE_FAMILY = "1,2";
				TEST_TARGET_NAME = PDFileBrowser;
			};
			name = Debug;
		};
		EC7367A0206CC4C40010C858 /* Release */ = {
			isa = XCBuildConfiguration;
			buildSettings = {
				CODE_SIGN_STYLE = Automatic;
				INFOPLIST_FILE = PDFileBrowserUITests/Info.plist;
				LD_RUNPATH_SEARCH_PATHS = "$(inherited) @executable_path/Frameworks @loader_path/Frameworks";
				PRODUCT_BUNDLE_IDENTIFIER = PipeDog.PDFileBrowserUITests;
				PRODUCT_NAME = "$(TARGET_NAME)";
				TARGETED_DEVICE_FAMILY = "1,2";
				TEST_TARGET_NAME = PDFileBrowser;
			};
			name = Release;
		};
/* End XCBuildConfiguration section */

/* Begin XCConfigurationList section */
		EC736767206CC4C40010C858 /* Build configuration list for PBXProject "PDFileBrowser" */ = {
			isa = XCConfigurationList;
			buildConfigurations = (
				EC736796206CC4C40010C858 /* Debug */,
				EC736797206CC4C40010C858 /* Release */,
			);
			defaultConfigurationIsVisible = 0;
			defaultConfigurationName = Release;
		};
		EC736798206CC4C40010C858 /* Build configuration list for PBXNativeTarget "PDFileBrowser" */ = {
			isa = XCConfigurationList;
			buildConfigurations = (
				EC736799206CC4C40010C858 /* Debug */,
				EC73679A206CC4C40010C858 /* Release */,
			);
			defaultConfigurationIsVisible = 0;
			defaultConfigurationName = Release;
		};
		EC73679B206CC4C40010C858 /* Build configuration list for PBXNativeTarget "PDFileBrowserTests" */ = {
			isa = XCConfigurationList;
			buildConfigurations = (
				EC73679C206CC4C40010C858 /* Debug */,
				EC73679D206CC4C40010C858 /* Release */,
			);
			defaultConfigurationIsVisible = 0;
			defaultConfigurationName = Release;
		};
		EC73679E206CC4C40010C858 /* Build configuration list for PBXNativeTarget "PDFileBrowserUITests" */ = {
			isa = XCConfigurationList;
			buildConfigurations = (
				EC73679F206CC4C40010C858 /* Debug */,
				EC7367A0206CC4C40010C858 /* Release */,
			);
			defaultConfigurationIsVisible = 0;
			defaultConfigurationName = Release;
		};
/* End XCConfigurationList section */
	};
	rootObject = EC736764206CC4C40010C858 /* Project object */;
}
